
Microsoft Visual Studio Solution File, Format Version 12.00
# Visual Studio Version 16
VisualStudioVersion = 16.0.30011.22
MinimumVisualStudioVersion = 10.0.40219.1
Project("{FAE04EC0-301F-11D3-BF4B-00C04F79EFBC}") = "ableD GDM Tool", "ableD GDM Tool\ableD GDM Tool.csproj", "{38F98531-636F-4EB0-9684-AEA0EADC3CC2}"
EndProject
Global
	GlobalSection(SolutionConfigurationPlatforms) = preSolution
		Debug|Any CPU = Debug|Any CPU
		Release|Any CPU = Release|Any CPU
	EndGlobalSection
	GlobalSection(ProjectConfigurationPlatforms) = postSolution
		{38F98531-636F-4EB0-9684-AEA0EADC3CC2}.Debug|Any CPU.ActiveCfg = Debug|Any CPU
		{38F98531-636F-4EB0-9684-AEA0EADC3CC2}.Debug|Any CPU.Build.0 = Debug|Any CPU
		{38F98531-636F-4EB0-9684-AEA0EADC3CC2}.Release|Any CPU.ActiveCfg = Release|Any CPU
		{38F98531-636F-4EB0-9684-AEA0EADC3CC2}.Release|Any CPU.Build.0 = Release|Any CPU
	EndGlobalSection
	GlobalSection(SolutionProperties) = preSolution
		HideSolutionNode = FALSE
	EndGlobalSection
	GlobalSection(ExtensibilityGlobals) = postSolution
		SolutionGuid = {33D3EDC0-CCF4-4FFF-8859-375E680C4EC6}
	EndGlobalSection
EndGlobal
